
Microsoft Visual Studio Solution File, Format Version 12.00
# Visual Studio Version 17
VisualStudioVersion = 17.11.35219.272
MinimumVisualStudioVersion = 10.0.40219.1
Project("{9A19103F-16F7-4668-BE54-9A1E7A4F7556}") = "OnlineStore", "OnlineStore.csproj", "{A470E9D7-97B0-451A-A87A-DACD77E1A69B}"
EndProject
Project("{FAE04EC0-301F-11D3-BF4B-00C04F79EFBC}") = "TestOnlineStore", "..\TestOnlineStore\TestOnlineStore.csproj", "{9A96E013-5CD8-4D47-917E-5A5C14537A8D}"
EndProject
Global
	GlobalSection(SolutionConfigurationPlatforms) = preSolution
		Debug|Any CPU = Debug|Any CPU
		Release|Any CPU = Release|Any CPU
	EndGlobalSection
	GlobalSection(ProjectConfigurationPlatforms) = postSolution
		{A470E9D7-97B0-451A-A87A-DACD77E1A69B}.Debug|Any CPU.ActiveCfg = Debug|Any CPU
		{A470E9D7-97B0-451A-A87A-DACD77E1A69B}.Debug|Any CPU.Build.0 = Debug|Any CPU
		{A470E9D7-97B0-451A-A87A-DACD77E1A69B}.Release|Any CPU.ActiveCfg = Release|Any CPU
		{A470E9D7-97B0-451A-A87A-DACD77E1A69B}.Release|Any CPU.Build.0 = Release|Any CPU
		{9A96E013-5CD8-4D47-917E-5A5C14537A8D}.Debug|Any CPU.ActiveCfg = Debug|Any CPU
		{9A96E013-5CD8-4D47-917E-5A5C14537A8D}.Debug|Any CPU.Build.0 = Debug|Any CPU
		{9A96E013-5CD8-4D47-917E-5A5C14537A8D}.Release|Any CPU.ActiveCfg = Release|Any CPU
		{9A96E013-5CD8-4D47-917E-5A5C14537A8D}.Release|Any CPU.Build.0 = Release|Any CPU
	EndGlobalSection
	GlobalSection(SolutionProperties) = preSolution
		HideSolutionNode = FALSE
	EndGlobalSection
	GlobalSection(ExtensibilityGlobals) = postSolution
		SolutionGuid = {9BD2B2D1-596D-48F4-B852-06A1EA4F4531}
	EndGlobalSection
EndGlobal
